
Microsoft Visual Studio Solution File, Format Version 12.00
# Visual Studio Version 17
VisualStudioVersion = 17.14.36623.8 d17.14
MinimumVisualStudioVersion = 10.0.40219.1
Project("{FAE04EC0-301F-11D3-BF4B-00C04F79EFBC}") = "solid-principles-dotnet", "solid-principles-dotnet\solid-principles-dotnet.csproj", "{2A914640-EFDE-4B80-A156-0A07BDE4BFE0}"
EndProject
Global
	GlobalSection(SolutionConfigurationPlatforms) = preSolution
		Debug|Any CPU = Debug|Any CPU
		Release|Any CPU = Release|Any CPU
	EndGlobalSection
	GlobalSection(ProjectConfigurationPlatforms) = postSolution
		{2A914640-EFDE-4B80-A156-0A07BDE4BFE0}.Debug|Any CPU.ActiveCfg = Debug|Any CPU
		{2A914640-EFDE-4B80-A156-0A07BDE4BFE0}.Debug|Any CPU.Build.0 = Debug|Any CPU
		{2A914640-EFDE-4B80-A156-0A07BDE4BFE0}.Release|Any CPU.ActiveCfg = Release|Any CPU
		{2A914640-EFDE-4B80-A156-0A07BDE4BFE0}.Release|Any CPU.Build.0 = Release|Any CPU
	EndGlobalSection
	GlobalSection(SolutionProperties) = preSolution
		HideSolutionNode = FALSE
	EndGlobalSection
	GlobalSection(ExtensibilityGlobals) = postSolution
		SolutionGuid = {E65AD9DF-63D5-4CA0-9ECE-4C5A500C9A50}
	EndGlobalSection
EndGlobal
